
Microsoft Visual Studio Solution File, Format Version 12.00
# Visual Studio Version 17
VisualStudioVersion = 17.5.002.0
MinimumVisualStudioVersion = 10.0.40219.1
Project("{9A19103F-16F7-4668-BE54-9A1E7A4F7556}") = "TrilhaApiDesafio", "TrilhaApiDesafio.csproj", "{21B48481-59BB-4EAA-B818-AC0F68BF0F0D}"
EndProject
Global
	GlobalSection(SolutionConfigurationPlatforms) = preSolution
		Debug|Any CPU = Debug|Any CPU
		Release|Any CPU = Release|Any CPU
	EndGlobalSection
	GlobalSection(ProjectConfigurationPlatforms) = postSolution
		{21B48481-59BB-4EAA-B818-AC0F68BF0F0D}.Debug|Any CPU.ActiveCfg = Debug|Any CPU
		{21B48481-59BB-4EAA-B818-AC0F68BF0F0D}.Debug|Any CPU.Build.0 = Debug|Any CPU
		{21B48481-59BB-4EAA-B818-AC0F68BF0F0D}.Release|Any CPU.ActiveCfg = Release|Any CPU
		{21B48481-59BB-4EAA-B818-AC0F68BF0F0D}.Release|Any CPU.Build.0 = Release|Any CPU
	EndGlobalSection
	GlobalSection(SolutionProperties) = preSolution
		HideSolutionNode = FALSE
	EndGlobalSection
	GlobalSection(ExtensibilityGlobals) = postSolution
		SolutionGuid = {C5C1E13E-6BDD-4CFB-A0BE-7B59CFBB52E8}
	EndGlobalSection
EndGlobal
